
Microsoft Visual Studio Solution File, Format Version 12.00
# Visual Studio Version 16
VisualStudioVersion = 16.0.30611.23
MinimumVisualStudioVersion = 10.0.40219.1
Project("{9A19103F-16F7-4668-BE54-9A1E7A4F7556}") = "Part1", "Part1\Part1.csproj", "{0FF12062-6A45-44C3-B496-93E0F535ACCA}"
EndProject
Project("{FAE04EC0-301F-11D3-BF4B-00C04F79EFBC}") = "Part2", "Part2\Part2.csproj", "{D1EE31D0-AED6-4284-AD00-D5C7F4DE0A42}"
EndProject
Global
	GlobalSection(SolutionConfigurationPlatforms) = preSolution
		Debug|Any CPU = Debug|Any CPU
		Release|Any CPU = Release|Any CPU
	EndGlobalSection
	GlobalSection(ProjectConfigurationPlatforms) = postSolution
		{0FF12062-6A45-44C3-B496-93E0F535ACCA}.Debug|Any CPU.ActiveCfg = Debug|Any CPU
		{0FF12062-6A45-44C3-B496-93E0F535ACCA}.Debug|Any CPU.Build.0 = Debug|Any CPU
		{0FF12062-6A45-44C3-B496-93E0F535ACCA}.Release|Any CPU.ActiveCfg = Release|Any CPU
		{0FF12062-6A45-44C3-B496-93E0F535ACCA}.Release|Any CPU.Build.0 = Release|Any CPU
		{D1EE31D0-AED6-4284-AD00-D5C7F4DE0A42}.Debug|Any CPU.ActiveCfg = Debug|Any CPU
		{D1EE31D0-AED6-4284-AD00-D5C7F4DE0A42}.Debug|Any CPU.Build.0 = Debug|Any CPU
		{D1EE31D0-AED6-4284-AD00-D5C7F4DE0A42}.Release|Any CPU.ActiveCfg = Release|Any CPU
		{D1EE31D0-AED6-4284-AD00-D5C7F4DE0A42}.Release|Any CPU.Build.0 = Release|Any CPU
	EndGlobalSection
	GlobalSection(SolutionProperties) = preSolution
		HideSolutionNode = FALSE
	EndGlobalSection
	GlobalSection(ExtensibilityGlobals) = postSolution
		SolutionGuid = {9A7C36D2-CCFB-45F9-A999-54EAC7F89CA2}
	EndGlobalSection
EndGlobal
